{
  "name": "yas",
  "lockfileVersion": 2,
  "requires": true,
  "packages": {
    "": {
      "dependencies": {
        "slug": "^8.0.0"
      }
    },
    "node_modules/slug": {
      "version": "8.0.0",
      "resolved": "https://registry.npmjs.org/slug/-/slug-8.0.0.tgz",
      "integrity": "sha512-aIDda8JjwGHPPVHRAusym8OmXhw1PnM6P28/ShUUv/4RsUVYwxwL0eljtcBDg0yI4UbW7YADrZTWp1bLqa7+DQ=="
    }
  },
  "dependencies": {
    "slug": {
      "version": "8.0.0",
      "resolved": "https://registry.npmjs.org/slug/-/slug-8.0.0.tgz",
      "integrity": "sha512-aIDda8JjwGHPPVHRAusym8OmXhw1PnM6P28/ShUUv/4RsUVYwxwL0eljtcBDg0yI4UbW7YADrZTWp1bLqa7+DQ=="
    }
  }
}
